
Microsoft Visual Studio Solution File, Format Version 12.00
# Visual Studio Version 16
VisualStudioVersion = 16.0.33927.289
MinimumVisualStudioVersion = 10.0.40219.1
Project("{FAE04EC0-301F-11D3-BF4B-00C04F79EFBC}") = "ConsoleApp1", "ConsoleApp1\ConsoleApp1.csproj", "{AFA24493-82D1-472D-9161-5F2B81B01033}"
EndProject
Global
	GlobalSection(SolutionConfigurationPlatforms) = preSolution
		Debug|Any CPU = Debug|Any CPU
		Release|Any CPU = Release|Any CPU
	EndGlobalSection
	GlobalSection(ProjectConfigurationPlatforms) = postSolution
		{AFA24493-82D1-472D-9161-5F2B81B01033}.Debug|Any CPU.ActiveCfg = Debug|Any CPU
		{AFA24493-82D1-472D-9161-5F2B81B01033}.Debug|Any CPU.Build.0 = Debug|Any CPU
		{AFA24493-82D1-472D-9161-5F2B81B01033}.Release|Any CPU.ActiveCfg = Release|Any CPU
		{AFA24493-82D1-472D-9161-5F2B81B01033}.Release|Any CPU.Build.0 = Release|Any CPU
	EndGlobalSection
	GlobalSection(SolutionProperties) = preSolution
		HideSolutionNode = FALSE
	EndGlobalSection
	GlobalSection(ExtensibilityGlobals) = postSolution
		SolutionGuid = {19816D89-EB7F-415A-B417-CB43C0744D6F}
	EndGlobalSection
EndGlobal
